
Microsoft Visual Studio Solution File, Format Version 12.00
Project("{FAE04EC0-301F-11D3-BF4B-00C04F79EFBC}") = "BattleBit.Playground", "BattleBit.Playground\BattleBit.Playground.csproj", "{1D6B15CB-008C-4F8A-8A69-D293BF7D9D54}"
EndProject
Global
	GlobalSection(SolutionConfigurationPlatforms) = preSolution
		Debug|Any CPU = Debug|Any CPU
		Release|Any CPU = Release|Any CPU
	EndGlobalSection
	GlobalSection(ProjectConfigurationPlatforms) = postSolution
		{1D6B15CB-008C-4F8A-8A69-D293BF7D9D54}.Debug|Any CPU.ActiveCfg = Debug|Any CPU
		{1D6B15CB-008C-4F8A-8A69-D293BF7D9D54}.Debug|Any CPU.Build.0 = Debug|Any CPU
		{1D6B15CB-008C-4F8A-8A69-D293BF7D9D54}.Release|Any CPU.ActiveCfg = Release|Any CPU
		{1D6B15CB-008C-4F8A-8A69-D293BF7D9D54}.Release|Any CPU.Build.0 = Release|Any CPU
	EndGlobalSection
EndGlobal
