
Microsoft Visual Studio Solution File, Format Version 12.00
Project("{2150E333-8FDC-42A3-9474-1A3956D46DE8}") = "Modules", "Modules", "{6DAE9470-556A-47C4-BB56-3591D614DEBE}"
EndProject
Project("{FAE04EC0-301F-11D3-BF4B-00C04F79EFBC}") = "Playground.Infection", "Playground.Infection\Playground.Infection.csproj", "{9D9D2264-0986-49D3-9971-079B0DAC576E}"
EndProject
Project("{2150E333-8FDC-42A3-9474-1A3956D46DE8}") = "External", "External", "{81E4ADE0-B32C-4A0A-B037-F29B4BB268AE}"
EndProject
Project("{FAE04EC0-301F-11D3-BF4B-00C04F79EFBC}") = "Commands", "Commands\Commands.csproj", "{EC7917F9-5E1B-4741-BAA8-9C9A80F0D993}"
EndProject
Project("{FAE04EC0-301F-11D3-BF4B-00C04F79EFBC}") = "Permissions", "Permissions\Permissions.csproj", "{8297B056-D973-40D9-9D4E-3F79AF9BC366}"
EndProject
Project("{FAE04EC0-301F-11D3-BF4B-00C04F79EFBC}") = "Playground.Permissions", "Playground.Permissions\Playground.Permissions.csproj", "{9C58FA23-F29A-4874-B605-8E4D3783AA91}"
EndProject
Project("{FAE04EC0-301F-11D3-BF4B-00C04F79EFBC}") = "Playground.Common", "Playground.Common\Playground.Common.csproj", "{A0CA1544-5DAF-4139-97FA-3414B913C0E9}"
EndProject
Project("{FAE04EC0-301F-11D3-BF4B-00C04F79EFBC}") = "Playground.Commands", "Playground.Commands\Playground.Commands.csproj", "{3BF23FBC-03A1-46BB-990D-E222306C4E18}"
EndProject
Project("{FAE04EC0-301F-11D3-BF4B-00C04F79EFBC}") = "Playground.AllWeaponsUnlocked", "Playground.AllWeaponsUnlocked\Playground.AllWeaponsUnlocked.csproj", "{F447BC9B-D172-4E4C-B293-B6BEBA3239B6}"
EndProject
Global
	GlobalSection(SolutionConfigurationPlatforms) = preSolution
		Debug|Any CPU = Debug|Any CPU
		Release|Any CPU = Release|Any CPU
	EndGlobalSection
	GlobalSection(ProjectConfigurationPlatforms) = postSolution
		{9D9D2264-0986-49D3-9971-079B0DAC576E}.Debug|Any CPU.ActiveCfg = Debug|Any CPU
		{9D9D2264-0986-49D3-9971-079B0DAC576E}.Debug|Any CPU.Build.0 = Debug|Any CPU
		{9D9D2264-0986-49D3-9971-079B0DAC576E}.Release|Any CPU.ActiveCfg = Release|Any CPU
		{9D9D2264-0986-49D3-9971-079B0DAC576E}.Release|Any CPU.Build.0 = Release|Any CPU
		{EC7917F9-5E1B-4741-BAA8-9C9A80F0D993}.Debug|Any CPU.ActiveCfg = Debug|Any CPU
		{EC7917F9-5E1B-4741-BAA8-9C9A80F0D993}.Debug|Any CPU.Build.0 = Debug|Any CPU
		{EC7917F9-5E1B-4741-BAA8-9C9A80F0D993}.Release|Any CPU.ActiveCfg = Release|Any CPU
		{EC7917F9-5E1B-4741-BAA8-9C9A80F0D993}.Release|Any CPU.Build.0 = Release|Any CPU
		{8297B056-D973-40D9-9D4E-3F79AF9BC366}.Debug|Any CPU.ActiveCfg = Debug|Any CPU
		{8297B056-D973-40D9-9D4E-3F79AF9BC366}.Debug|Any CPU.Build.0 = Debug|Any CPU
		{8297B056-D973-40D9-9D4E-3F79AF9BC366}.Release|Any CPU.ActiveCfg = Release|Any CPU
		{8297B056-D973-40D9-9D4E-3F79AF9BC366}.Release|Any CPU.Build.0 = Release|Any CPU
		{9C58FA23-F29A-4874-B605-8E4D3783AA91}.Debug|Any CPU.ActiveCfg = Debug|Any CPU
		{9C58FA23-F29A-4874-B605-8E4D3783AA91}.Debug|Any CPU.Build.0 = Debug|Any CPU
		{9C58FA23-F29A-4874-B605-8E4D3783AA91}.Release|Any CPU.ActiveCfg = Release|Any CPU
		{9C58FA23-F29A-4874-B605-8E4D3783AA91}.Release|Any CPU.Build.0 = Release|Any CPU
		{A0CA1544-5DAF-4139-97FA-3414B913C0E9}.Debug|Any CPU.ActiveCfg = Debug|Any CPU
		{A0CA1544-5DAF-4139-97FA-3414B913C0E9}.Debug|Any CPU.Build.0 = Debug|Any CPU
		{A0CA1544-5DAF-4139-97FA-3414B913C0E9}.Release|Any CPU.ActiveCfg = Release|Any CPU
		{A0CA1544-5DAF-4139-97FA-3414B913C0E9}.Release|Any CPU.Build.0 = Release|Any CPU
		{3BF23FBC-03A1-46BB-990D-E222306C4E18}.Debug|Any CPU.ActiveCfg = Debug|Any CPU
		{3BF23FBC-03A1-46BB-990D-E222306C4E18}.Debug|Any CPU.Build.0 = Debug|Any CPU
		{3BF23FBC-03A1-46BB-990D-E222306C4E18}.Release|Any CPU.ActiveCfg = Release|Any CPU
		{3BF23FBC-03A1-46BB-990D-E222306C4E18}.Release|Any CPU.Build.0 = Release|Any CPU
		{F447BC9B-D172-4E4C-B293-B6BEBA3239B6}.Debug|Any CPU.ActiveCfg = Debug|Any CPU
		{F447BC9B-D172-4E4C-B293-B6BEBA3239B6}.Debug|Any CPU.Build.0 = Debug|Any CPU
		{F447BC9B-D172-4E4C-B293-B6BEBA3239B6}.Release|Any CPU.ActiveCfg = Release|Any CPU
		{F447BC9B-D172-4E4C-B293-B6BEBA3239B6}.Release|Any CPU.Build.0 = Release|Any CPU
	EndGlobalSection
	GlobalSection(NestedProjects) = preSolution
		{9D9D2264-0986-49D3-9971-079B0DAC576E} = {6DAE9470-556A-47C4-BB56-3591D614DEBE}
		{EC7917F9-5E1B-4741-BAA8-9C9A80F0D993} = {81E4ADE0-B32C-4A0A-B037-F29B4BB268AE}
		{8297B056-D973-40D9-9D4E-3F79AF9BC366} = {81E4ADE0-B32C-4A0A-B037-F29B4BB268AE}
		{9C58FA23-F29A-4874-B605-8E4D3783AA91} = {6DAE9470-556A-47C4-BB56-3591D614DEBE}
		{A0CA1544-5DAF-4139-97FA-3414B913C0E9} = {6DAE9470-556A-47C4-BB56-3591D614DEBE}
		{3BF23FBC-03A1-46BB-990D-E222306C4E18} = {6DAE9470-556A-47C4-BB56-3591D614DEBE}
		{F447BC9B-D172-4E4C-B293-B6BEBA3239B6} = {6DAE9470-556A-47C4-BB56-3591D614DEBE}
	EndGlobalSection
EndGlobal
